
Microsoft Visual Studio Solution File, Format Version 12.00
# Visual Studio Version 17
VisualStudioVersion = 17.5.33414.496
MinimumVisualStudioVersion = 10.0.40219.1
Project("{888888A0-9F3D-457C-B088-3A5042F75D52}") = "PythonApplication81", "PythonApplication81.pyproj", "{1BF43212-C6C3-4405-84C7-90B85EAB75FE}"
EndProject
Global
	GlobalSection(SolutionConfigurationPlatforms) = preSolution
		Debug|Any CPU = Debug|Any CPU
		Release|Any CPU = Release|Any CPU
	EndGlobalSection
	GlobalSection(ProjectConfigurationPlatforms) = postSolution
		{1BF43212-C6C3-4405-84C7-90B85EAB75FE}.Debug|Any CPU.ActiveCfg = Debug|Any CPU
		{1BF43212-C6C3-4405-84C7-90B85EAB75FE}.Release|Any CPU.ActiveCfg = Release|Any CPU
	EndGlobalSection
	GlobalSection(SolutionProperties) = preSolution
		HideSolutionNode = FALSE
	EndGlobalSection
	GlobalSection(ExtensibilityGlobals) = postSolution
		SolutionGuid = {EF81BFFC-DCC4-4F0C-9055-B7E1071134B0}
	EndGlobalSection
EndGlobal
